
Microsoft Visual Studio Solution File, Format Version 12.00
# Visual Studio Version 16
VisualStudioVersion = 16.0.31624.102
MinimumVisualStudioVersion = 10.0.40219.1
Project("{FAE04EC0-301F-11D3-BF4B-00C04F79EFBC}") = "3. Array Methods", "3. Array Methods\3. Array Methods.csproj", "{4E31B9B9-EDE6-475B-9B91-F4A49694A714}"
EndProject
Global
	GlobalSection(SolutionConfigurationPlatforms) = preSolution
		Debug|Any CPU = Debug|Any CPU
		Release|Any CPU = Release|Any CPU
	EndGlobalSection
	GlobalSection(ProjectConfigurationPlatforms) = postSolution
		{4E31B9B9-EDE6-475B-9B91-F4A49694A714}.Debug|Any CPU.ActiveCfg = Debug|Any CPU
		{4E31B9B9-EDE6-475B-9B91-F4A49694A714}.Debug|Any CPU.Build.0 = Debug|Any CPU
		{4E31B9B9-EDE6-475B-9B91-F4A49694A714}.Release|Any CPU.ActiveCfg = Release|Any CPU
		{4E31B9B9-EDE6-475B-9B91-F4A49694A714}.Release|Any CPU.Build.0 = Release|Any CPU
	EndGlobalSection
	GlobalSection(SolutionProperties) = preSolution
		HideSolutionNode = FALSE
	EndGlobalSection
	GlobalSection(ExtensibilityGlobals) = postSolution
		SolutionGuid = {A973A977-A90C-4687-A841-3AEE05C9C587}
	EndGlobalSection
EndGlobal
