
Microsoft Visual Studio Solution File, Format Version 12.00
# Visual Studio Version 16
VisualStudioVersion = 16.0.31624.102
MinimumVisualStudioVersion = 10.0.40219.1
Project("{FAE04EC0-301F-11D3-BF4B-00C04F79EFBC}") = "5. Switch Case", "5. Switch Case\5. Switch Case.csproj", "{10ED5795-95E8-4761-889C-9A296E1800A4}"
EndProject
Global
	GlobalSection(SolutionConfigurationPlatforms) = preSolution
		Debug|Any CPU = Debug|Any CPU
		Release|Any CPU = Release|Any CPU
	EndGlobalSection
	GlobalSection(ProjectConfigurationPlatforms) = postSolution
		{10ED5795-95E8-4761-889C-9A296E1800A4}.Debug|Any CPU.ActiveCfg = Debug|Any CPU
		{10ED5795-95E8-4761-889C-9A296E1800A4}.Debug|Any CPU.Build.0 = Debug|Any CPU
		{10ED5795-95E8-4761-889C-9A296E1800A4}.Release|Any CPU.ActiveCfg = Release|Any CPU
		{10ED5795-95E8-4761-889C-9A296E1800A4}.Release|Any CPU.Build.0 = Release|Any CPU
	EndGlobalSection
	GlobalSection(SolutionProperties) = preSolution
		HideSolutionNode = FALSE
	EndGlobalSection
	GlobalSection(ExtensibilityGlobals) = postSolution
		SolutionGuid = {B2492D37-C826-4294-8EC1-74D6CB0C067A}
	EndGlobalSection
EndGlobal
