
Microsoft Visual Studio Solution File, Format Version 12.00
# Visual Studio Version 16
VisualStudioVersion = 16.0.31624.102
MinimumVisualStudioVersion = 10.0.40219.1
Project("{FAE04EC0-301F-11D3-BF4B-00C04F79EFBC}") = "1. Function", "1. Function\1. Function.csproj", "{5995135A-9401-4EB2-AB31-7BE1F16C385D}"
EndProject
Global
	GlobalSection(SolutionConfigurationPlatforms) = preSolution
		Debug|Any CPU = Debug|Any CPU
		Release|Any CPU = Release|Any CPU
	EndGlobalSection
	GlobalSection(ProjectConfigurationPlatforms) = postSolution
		{5995135A-9401-4EB2-AB31-7BE1F16C385D}.Debug|Any CPU.ActiveCfg = Debug|Any CPU
		{5995135A-9401-4EB2-AB31-7BE1F16C385D}.Debug|Any CPU.Build.0 = Debug|Any CPU
		{5995135A-9401-4EB2-AB31-7BE1F16C385D}.Release|Any CPU.ActiveCfg = Release|Any CPU
		{5995135A-9401-4EB2-AB31-7BE1F16C385D}.Release|Any CPU.Build.0 = Release|Any CPU
	EndGlobalSection
	GlobalSection(SolutionProperties) = preSolution
		HideSolutionNode = FALSE
	EndGlobalSection
	GlobalSection(ExtensibilityGlobals) = postSolution
		SolutionGuid = {0A0586BF-A72F-4D7E-B8CB-82D84B7B8959}
	EndGlobalSection
EndGlobal
