
Microsoft Visual Studio Solution File, Format Version 12.00
# Visual Studio Version 16
VisualStudioVersion = 16.0.31624.102
MinimumVisualStudioVersion = 10.0.40219.1
Project("{FAE04EC0-301F-11D3-BF4B-00C04F79EFBC}") = "TypeCasting", "TypeCasting\TypeCasting.csproj", "{92AA2ADF-71B3-4BF2-BE76-7C557CCAF78E}"
EndProject
Global
	GlobalSection(SolutionConfigurationPlatforms) = preSolution
		Debug|Any CPU = Debug|Any CPU
		Release|Any CPU = Release|Any CPU
	EndGlobalSection
	GlobalSection(ProjectConfigurationPlatforms) = postSolution
		{92AA2ADF-71B3-4BF2-BE76-7C557CCAF78E}.Debug|Any CPU.ActiveCfg = Debug|Any CPU
		{92AA2ADF-71B3-4BF2-BE76-7C557CCAF78E}.Debug|Any CPU.Build.0 = Debug|Any CPU
		{92AA2ADF-71B3-4BF2-BE76-7C557CCAF78E}.Release|Any CPU.ActiveCfg = Release|Any CPU
		{92AA2ADF-71B3-4BF2-BE76-7C557CCAF78E}.Release|Any CPU.Build.0 = Release|Any CPU
	EndGlobalSection
	GlobalSection(SolutionProperties) = preSolution
		HideSolutionNode = FALSE
	EndGlobalSection
	GlobalSection(ExtensibilityGlobals) = postSolution
		SolutionGuid = {813E8776-1501-4658-A903-F3A1E5C869EE}
	EndGlobalSection
EndGlobal
