
Microsoft Visual Studio Solution File, Format Version 12.00
# Visual Studio Version 16
VisualStudioVersion = 16.0.31624.102
MinimumVisualStudioVersion = 10.0.40219.1
Project("{FAE04EC0-301F-11D3-BF4B-00C04F79EFBC}") = "Basic CS", "Basic CS\Basic CS.csproj", "{DEC2B5EC-820C-43C1-8CD5-43B4721A900F}"
EndProject
Global
	GlobalSection(SolutionConfigurationPlatforms) = preSolution
		Debug|Any CPU = Debug|Any CPU
		Release|Any CPU = Release|Any CPU
	EndGlobalSection
	GlobalSection(ProjectConfigurationPlatforms) = postSolution
		{DEC2B5EC-820C-43C1-8CD5-43B4721A900F}.Debug|Any CPU.ActiveCfg = Debug|Any CPU
		{DEC2B5EC-820C-43C1-8CD5-43B4721A900F}.Debug|Any CPU.Build.0 = Debug|Any CPU
		{DEC2B5EC-820C-43C1-8CD5-43B4721A900F}.Release|Any CPU.ActiveCfg = Release|Any CPU
		{DEC2B5EC-820C-43C1-8CD5-43B4721A900F}.Release|Any CPU.Build.0 = Release|Any CPU
	EndGlobalSection
	GlobalSection(SolutionProperties) = preSolution
		HideSolutionNode = FALSE
	EndGlobalSection
	GlobalSection(ExtensibilityGlobals) = postSolution
		SolutionGuid = {3D651B6A-6471-4B4E-B073-8FD17A471101}
	EndGlobalSection
EndGlobal
