
Microsoft Visual Studio Solution File, Format Version 12.00
# Visual Studio Version 16
VisualStudioVersion = 16.0.31624.102
MinimumVisualStudioVersion = 10.0.40219.1
Project("{FAE04EC0-301F-11D3-BF4B-00C04F79EFBC}") = "User_Input", "User_Input\User_Input.csproj", "{C8A3BEC9-D673-41D6-BA96-9C952081E2E6}"
EndProject
Global
	GlobalSection(SolutionConfigurationPlatforms) = preSolution
		Debug|Any CPU = Debug|Any CPU
		Release|Any CPU = Release|Any CPU
	EndGlobalSection
	GlobalSection(ProjectConfigurationPlatforms) = postSolution
		{C8A3BEC9-D673-41D6-BA96-9C952081E2E6}.Debug|Any CPU.ActiveCfg = Debug|Any CPU
		{C8A3BEC9-D673-41D6-BA96-9C952081E2E6}.Debug|Any CPU.Build.0 = Debug|Any CPU
		{C8A3BEC9-D673-41D6-BA96-9C952081E2E6}.Release|Any CPU.ActiveCfg = Release|Any CPU
		{C8A3BEC9-D673-41D6-BA96-9C952081E2E6}.Release|Any CPU.Build.0 = Release|Any CPU
	EndGlobalSection
	GlobalSection(SolutionProperties) = preSolution
		HideSolutionNode = FALSE
	EndGlobalSection
	GlobalSection(ExtensibilityGlobals) = postSolution
		SolutionGuid = {F0046F4A-5996-4839-A867-FBB3635022BC}
	EndGlobalSection
EndGlobal
